
Microsoft Visual Studio Solution File, Format Version 12.00
# Visual Studio Version 17
VisualStudioVersion = 17.3.32929.385
MinimumVisualStudioVersion = 10.0.40219.1
Project("{9A19103F-16F7-4668-BE54-9A1E7A4F7556}") = "EmployeeManagementSystem", "EmployeeManagementSystem\EmployeeManagementSystem.csproj", "{BC60C010-87FA-46AF-84AB-76D18F334A05}"
EndProject
Project("{FAE04EC0-301F-11D3-BF4B-00C04F79EFBC}") = "WebApi", "WebApi\WebApi.csproj", "{A76C9928-F0F3-432E-98AD-CCBE636DCBCB}"
EndProject
Global
	GlobalSection(SolutionConfigurationPlatforms) = preSolution
		Debug|Any CPU = Debug|Any CPU
		Release|Any CPU = Release|Any CPU
	EndGlobalSection
	GlobalSection(ProjectConfigurationPlatforms) = postSolution
		{BC60C010-87FA-46AF-84AB-76D18F334A05}.Debug|Any CPU.ActiveCfg = Debug|Any CPU
		{BC60C010-87FA-46AF-84AB-76D18F334A05}.Debug|Any CPU.Build.0 = Debug|Any CPU
		{BC60C010-87FA-46AF-84AB-76D18F334A05}.Release|Any CPU.ActiveCfg = Release|Any CPU
		{BC60C010-87FA-46AF-84AB-76D18F334A05}.Release|Any CPU.Build.0 = Release|Any CPU
		{A76C9928-F0F3-432E-98AD-CCBE636DCBCB}.Debug|Any CPU.ActiveCfg = Debug|Any CPU
		{A76C9928-F0F3-432E-98AD-CCBE636DCBCB}.Debug|Any CPU.Build.0 = Debug|Any CPU
		{A76C9928-F0F3-432E-98AD-CCBE636DCBCB}.Release|Any CPU.ActiveCfg = Release|Any CPU
		{A76C9928-F0F3-432E-98AD-CCBE636DCBCB}.Release|Any CPU.Build.0 = Release|Any CPU
	EndGlobalSection
	GlobalSection(SolutionProperties) = preSolution
		HideSolutionNode = FALSE
	EndGlobalSection
	GlobalSection(ExtensibilityGlobals) = postSolution
		SolutionGuid = {32593A95-39A2-4769-B792-DD970006E434}
	EndGlobalSection
EndGlobal
